{
  "name": "Snake-Game",
  "lockfileVersion": 2,
  "requires": true,
  "packages": {
    "": {
      "dependencies": {
        "draw-axis-p5js": "^1.0.0"
      }
    },
    "node_modules/draw-axis-p5js": {
      "version": "1.0.0",
      "resolved": "https://registry.npmjs.org/draw-axis-p5js/-/draw-axis-p5js-1.0.0.tgz",
      "integrity": "sha512-VAlT58OuSx1EKPqqc22TODvgwna03RdUzQ60rtn9u/ng1tPYPb01G8vqfcZK65YnQ7lbXFaeen72h83s/mJ14Q=="
    }
  },
  "dependencies": {
    "draw-axis-p5js": {
      "version": "1.0.0",
      "resolved": "https://registry.npmjs.org/draw-axis-p5js/-/draw-axis-p5js-1.0.0.tgz",
      "integrity": "sha512-VAlT58OuSx1EKPqqc22TODvgwna03RdUzQ60rtn9u/ng1tPYPb01G8vqfcZK65YnQ7lbXFaeen72h83s/mJ14Q=="
    }
  }
}
